
Microsoft Visual Studio Solution File, Format Version 12.00
# Visual Studio Version 17
VisualStudioVersion = 17.5.002.0
MinimumVisualStudioVersion = 10.0.40219.1
Project("{9A19103F-16F7-4668-BE54-9A1E7A4F7556}") = "MiWebApp", "MiWebApp\MiWebApp.csproj", "{57A123D2-83B7-46DF-8B1C-D77E0C5DBEDA}"
EndProject
Global
	GlobalSection(SolutionConfigurationPlatforms) = preSolution
		Debug|Any CPU = Debug|Any CPU
		Release|Any CPU = Release|Any CPU
	EndGlobalSection
	GlobalSection(ProjectConfigurationPlatforms) = postSolution
		{57A123D2-83B7-46DF-8B1C-D77E0C5DBEDA}.Debug|Any CPU.ActiveCfg = Debug|Any CPU
		{57A123D2-83B7-46DF-8B1C-D77E0C5DBEDA}.Debug|Any CPU.Build.0 = Debug|Any CPU
		{57A123D2-83B7-46DF-8B1C-D77E0C5DBEDA}.Release|Any CPU.ActiveCfg = Release|Any CPU
		{57A123D2-83B7-46DF-8B1C-D77E0C5DBEDA}.Release|Any CPU.Build.0 = Release|Any CPU
	EndGlobalSection
	GlobalSection(SolutionProperties) = preSolution
		HideSolutionNode = FALSE
	EndGlobalSection
	GlobalSection(ExtensibilityGlobals) = postSolution
		SolutionGuid = {2B54DCEC-09D0-4506-8717-392F811B028B}
	EndGlobalSection
EndGlobal
